
Microsoft Visual Studio Solution File, Format Version 12.00
# Visual Studio Version 17
VisualStudioVersion = 17.0.31903.59
MinimumVisualStudioVersion = 10.0.40219.1
Project("{9A19103F-16F7-4668-BE54-9A1E7A4F7556}") = "ChitChat.Application", "src\ChitChat.Application\ChitChat.Application.csproj", "{B7FFAE20-35EC-4BE5-8AB6-AE4125DF22A6}"
EndProject
Project("{9A19103F-16F7-4668-BE54-9A1E7A4F7556}") = "ChitChat.Core", "src\ChitChat.Core\ChitChat.Core.csproj", "{0BC494FF-8FBE-4760-8877-44C4BF2D7EBC}"
EndProject
Project("{9A19103F-16F7-4668-BE54-9A1E7A4F7556}") = "ChitChat.Infrastructure", "src\ChitChat.Infrastructure\ChitChat.Infrastructure.csproj", "{68D69672-9B93-4E75-8F5C-1F9E90527A16}"
EndProject
Project("{FAE04EC0-301F-11D3-BF4B-00C04F79EFBC}") = "ChitChat.App.Server", "src\ChitChat.App\ChitChat.App.Server\ChitChat.App.Server.csproj", "{3183194F-6BA3-4214-9B76-75C8B9FF109E}"
EndProject
Project("{54A90642-561A-4BB1-A94E-469ADEE60C69}") = "chitchat.app.client", "src\ChitChat.App\chitchat.app.client\chitchat.app.client.esproj", "{2880C83D-366B-450F-8025-E66723EA2D74}"
EndProject
Global
	GlobalSection(SolutionConfigurationPlatforms) = preSolution
		Debug|Any CPU = Debug|Any CPU
		Release|Any CPU = Release|Any CPU
	EndGlobalSection
	GlobalSection(ProjectConfigurationPlatforms) = postSolution
		{B7FFAE20-35EC-4BE5-8AB6-AE4125DF22A6}.Debug|Any CPU.ActiveCfg = Debug|Any CPU
		{B7FFAE20-35EC-4BE5-8AB6-AE4125DF22A6}.Debug|Any CPU.Build.0 = Debug|Any CPU
		{B7FFAE20-35EC-4BE5-8AB6-AE4125DF22A6}.Release|Any CPU.ActiveCfg = Release|Any CPU
		{B7FFAE20-35EC-4BE5-8AB6-AE4125DF22A6}.Release|Any CPU.Build.0 = Release|Any CPU
		{0BC494FF-8FBE-4760-8877-44C4BF2D7EBC}.Debug|Any CPU.ActiveCfg = Debug|Any CPU
		{0BC494FF-8FBE-4760-8877-44C4BF2D7EBC}.Debug|Any CPU.Build.0 = Debug|Any CPU
		{0BC494FF-8FBE-4760-8877-44C4BF2D7EBC}.Release|Any CPU.ActiveCfg = Release|Any CPU
		{0BC494FF-8FBE-4760-8877-44C4BF2D7EBC}.Release|Any CPU.Build.0 = Release|Any CPU
		{68D69672-9B93-4E75-8F5C-1F9E90527A16}.Debug|Any CPU.ActiveCfg = Debug|Any CPU
		{68D69672-9B93-4E75-8F5C-1F9E90527A16}.Debug|Any CPU.Build.0 = Debug|Any CPU
		{68D69672-9B93-4E75-8F5C-1F9E90527A16}.Release|Any CPU.ActiveCfg = Release|Any CPU
		{68D69672-9B93-4E75-8F5C-1F9E90527A16}.Release|Any CPU.Build.0 = Release|Any CPU
		{3183194F-6BA3-4214-9B76-75C8B9FF109E}.Debug|Any CPU.ActiveCfg = Debug|Any CPU
		{3183194F-6BA3-4214-9B76-75C8B9FF109E}.Debug|Any CPU.Build.0 = Debug|Any CPU
		{3183194F-6BA3-4214-9B76-75C8B9FF109E}.Release|Any CPU.ActiveCfg = Release|Any CPU
		{3183194F-6BA3-4214-9B76-75C8B9FF109E}.Release|Any CPU.Build.0 = Release|Any CPU
		{2880C83D-366B-450F-8025-E66723EA2D74}.Debug|Any CPU.ActiveCfg = Debug|Any CPU
		{2880C83D-366B-450F-8025-E66723EA2D74}.Debug|Any CPU.Build.0 = Debug|Any CPU
		{2880C83D-366B-450F-8025-E66723EA2D74}.Debug|Any CPU.Deploy.0 = Debug|Any CPU
		{2880C83D-366B-450F-8025-E66723EA2D74}.Release|Any CPU.ActiveCfg = Release|Any CPU
		{2880C83D-366B-450F-8025-E66723EA2D74}.Release|Any CPU.Build.0 = Release|Any CPU
		{2880C83D-366B-450F-8025-E66723EA2D74}.Release|Any CPU.Deploy.0 = Release|Any CPU
	EndGlobalSection
	GlobalSection(SolutionProperties) = preSolution
		HideSolutionNode = FALSE
	EndGlobalSection
	GlobalSection(ExtensibilityGlobals) = postSolution
		SolutionGuid = {7F13BCF9-FD78-4682-8160-BDEEF67EE982}
	EndGlobalSection
EndGlobal
